// !$*UTF8*$!
{
	archiveVersion = 1;
	classes = {
	};
	objectVersion = 48;
	objects = {

/* Begin PBXBuildFile section */
		8C776CDC209E45C100710C6D /* AppDelegate.swift in Sources */ = {isa = PBXBuildFile; fileRef = 8C776CDB209E45C100710C6D /* AppDelegate.swift */; };
		8C776CDE209E45C100710C6D /* ViewController.swift in Sources */ = {isa = PBXBuildFile; fileRef = 8C776CDD209E45C100710C6D /* ViewController.swift */; };
		8C776CE1209E45C100710C6D /* Main.storyboard in Resources */ = {isa = PBXBuildFile; fileRef = 8C776CDF209E45C100710C6D /* Main.storyboard */; };
		8C776CE3209E45C100710C6D /* Assets.xcassets in Resources */ = {isa = PBXBuildFile; fileRef = 8C776CE2209E45C100710C6D /* Assets.xcassets */; };
		8C776CE6209E45C100710C6D /* LaunchScreen.storyboard in Resources */ = {isa = PBXBuildFile; fileRef = 8C776CE4209E45C100710C6D /* LaunchScreen.storyboard */; };
		8C776CF1209E45C100710C6D /* DZ4newTests.swift in Sources */ = {isa = PBXBuildFile; fileRef = 8C776CF0209E45C100710C6D /* DZ4newTests.swift */; };
		8C776CFC209E45C100710C6D /* DZ4newUITests.swift in Sources */ = {isa = PBXBuildFile; fileRef = 8C776CFB209E45C100710C6D /* DZ4newUITests.swift */; };
		8C776D0A209E462E00710C6D /* TVset.swift in Sources */ = {isa = PBXBuildFile; fileRef = 8C776D09209E462E00710C6D /* TVset.swift */; };
/* End PBXBuildFile section */

/* Begin PBXContainerItemProxy section */
		8C776CED209E45C100710C6D /* PBXContainerItemProxy */ = {
			isa = PBXContainerItemProxy;
			containerPortal = 8C776CD0209E45C100710C6D /* Project object */;
			proxyType = 1;
			remoteGlobalIDString = 8C776CD7209E45C100710C6D;
			remoteInfo = DZ4new;
		};
		8C776CF8209E45C100710C6D /* PBXContainerItemProxy */ = {
			isa = PBXContainerItemProxy;
			containerPortal = 8C776CD0209E45C100710C6D /* Project object */;
			proxyType = 1;
			remoteGlobalIDString = 8C776CD7209E45C100710C6D;
			remoteInfo = DZ4new;
		};
/* End PBXContainerItemProxy section */

/* Begin PBXFileReference section */
		8C776CD8209E45C100710C6D /* DZ4new.app */ = {isa = PBXFileReference; explicitFileType = wrapper.application; includeInIndex = 0; path = DZ4new.app; sourceTree = BUILT_PRODUCTS_DIR; };
		8C776CDB209E45C100710C6D /* AppDelegate.swift */ = {isa = PBXFileReference; lastKnownFileType = sourcecode.swift; path = AppDelegate.swift; sourceTree = "<group>"; };
		8C776CDD209E45C100710C6D /* ViewController.swift */ = {isa = PBXFileReference; lastKnownFileType = sourcecode.swift; path = ViewController.swift; sourceTree = "<group>"; };
		8C776CE0209E45C100710C6D /* Base */ = {isa = PBXFileReference; lastKnownFileType = file.storyboard; name = Base; path = Base.lproj/Main.storyboard; sourceTree = "<group>"; };
		8C776CE2209E45C100710C6D /* Assets.xcassets */ = {isa = PBXFileReference; lastKnownFileType = folder.assetcatalog; path = Assets.xcassets; sourceTree = "<group>"; };
		8C776CE5209E45C100710C6D /* Base */ = {isa = PBXFileReference; lastKnownFileType = file.storyboard; name = Base; path = Base.lproj/LaunchScreen.storyboard; sourceTree = "<group>"; };
		8C776CE7209E45C100710C6D /* Info.plist */ = {isa = PBXFileReference; lastKnownFileType = text.plist.xml; path = Info.plist; sourceTree = "<group>"; };
		8C776CEC209E45C100710C6D /* DZ4newTests.xctest */ = {isa = PBXFileReference; explicitFileType = wrapper.cfbundle; includeInIndex = 0; path = DZ4newTests.xctest; sourceTree = BUILT_PRODUCTS_DIR; };
		8C776CF0209E45C100710C6D /* DZ4newTests.swift */ = {isa = PBXFileReference; lastKnownFileType = sourcecode.swift; path = DZ4newTests.swift; sourceTree = "<group>"; };
		8C776CF2209E45C100710C6D /* Info.plist */ = {isa = PBXFileReference; lastKnownFileType = text.plist.xml; path = Info.plist; sourceTree = "<group>"; };
		8C776CF7209E45C100710C6D /* DZ4newUITests.xctest */ = {isa = PBXFileReference; explicitFileType = wrapper.cfbundle; includeInIndex = 0; path = DZ4newUITests.xctest; sourceTree = BUILT_PRODUCTS_DIR; };
		8C776CFB209E45C100710C6D /* DZ4newUITests.swift */ = {isa = PBXFileReference; lastKnownFileType = sourcecode.swift; path = DZ4newUITests.swift; sourceTree = "<group>"; };
		8C776CFD209E45C100710C6D /* Info.plist */ = {isa = PBXFileReference; lastKnownFileType = text.plist.xml; path = Info.plist; sourceTree = "<group>"; };
		8C776D09209E462E00710C6D /* TVset.swift */ = {isa = PBXFileReference; lastKnownFileType = sourcecode.swift; path = TVset.swift; sourceTree = "<group>"; };
/* End PBXFileReference section */

/* Begin PBXFrameworksBuildPhase section */
		8C776CD5209E45C100710C6D /* Frameworks */ = {
			isa = PBXFrameworksBuildPhase;
			buildActionMask = 2147483647;
			files = (
			);
			runOnlyForDeploymentPostprocessing = 0;
		};
		8C776CE9209E45C100710C6D /* Frameworks */ = {
			isa = PBXFrameworksBuildPhase;
			buildActionMask = 2147483647;
			files = (
			);
			runOnlyForDeploymentPostprocessing = 0;
		};
		8C776CF4209E45C100710C6D /* Frameworks */ = {
			isa = PBXFrameworksBuildPhase;
			buildActionMask = 2147483647;
			files = (
			);
			runOnlyForDeploymentPostprocessing = 0;
		};
/* End PBXFrameworksBuildPhase section */

/* Begin PBXGroup section */
		8C776CCF209E45C100710C6D = {
			isa = PBXGroup;
			children = (
				8C776CDA209E45C100710C6D /* DZ4new */,
				8C776CEF209E45C100710C6D /* DZ4newTests */,
				8C776CFA209E45C100710C6D /* DZ4newUITests */,
				8C776CD9209E45C100710C6D /* Products */,
			);
			sourceTree = "<group>";
		};
		8C776CD9209E45C100710C6D /* Products */ = {
			isa = PBXGroup;
			children = (
				8C776CD8209E45C100710C6D /* DZ4new.app */,
				8C776CEC209E45C100710C6D /* DZ4newTests.xctest */,
				8C776CF7209E45C100710C6D /* DZ4newUITests.xctest */,
			);
			name = Products;
			sourceTree = "<group>";
		};
		8C776CDA209E45C100710C6D /* DZ4new */ = {
			isa = PBXGroup;
			children = (
				8C776CDB209E45C100710C6D /* AppDelegate.swift */,
				8C776CDD209E45C100710C6D /* ViewController.swift */,
				8C776D09209E462E00710C6D /* TVset.swift */,
				8C776CDF209E45C100710C6D /* Main.storyboard */,
				8C776CE2209E45C100710C6D /* Assets.xcassets */,
				8C776CE4209E45C100710C6D /* LaunchScreen.storyboard */,
				8C776CE7209E45C100710C6D /* Info.plist */,
			);
			path = DZ4new;
			sourceTree = "<group>";
		};
		8C776CEF209E45C100710C6D /* DZ4newTests */ = {
			isa = PBXGroup;
			children = (
				8C776CF0209E45C100710C6D /* DZ4newTests.swift */,
				8C776CF2209E45C100710C6D /* Info.plist */,
			);
			path = DZ4newTests;
			sourceTree = "<group>";
		};
		8C776CFA209E45C100710C6D /* DZ4newUITests */ = {
			isa = PBXGroup;
			children = (
				8C776CFB209E45C100710C6D /* DZ4newUITests.swift */,
				8C776CFD209E45C100710C6D /* Info.plist */,
			);
			path = DZ4newUITests;
			sourceTree = "<group>";
		};
/* End PBXGroup section */

/* Begin PBXNativeTarget section */
		8C776CD7209E45C100710C6D /* DZ4new */ = {
			isa = PBXNativeTarget;
			buildConfigurationList = 8C776D00209E45C100710C6D /* Build configuration list for PBXNativeTarget "DZ4new" */;
			buildPhases = (
				8C776CD4209E45C100710C6D /* Sources */,
				8C776CD5209E45C100710C6D /* Frameworks */,
				8C776CD6209E45C100710C6D /* Resources */,
			);
			buildRules = (
			);
			dependencies = (
			);
			name = DZ4new;
			productName = DZ4new;
			productReference = 8C776CD8209E45C100710C6D /* DZ4new.app */;
			productType = "com.apple.product-type.application";
		};
		8C776CEB209E45C100710C6D /* DZ4newTests */ = {
			isa = PBXNativeTarget;
			buildConfigurationList = 8C776D03209E45C100710C6D /* Build configuration list for PBXNativeTarget "DZ4newTests" */;
			buildPhases = (
				8C776CE8209E45C100710C6D /* Sources */,
				8C776CE9209E45C100710C6D /* Frameworks */,
				8C776CEA209E45C100710C6D /* Resources */,
			);
			buildRules = (
			);
			dependencies = (
				8C776CEE209E45C100710C6D /* PBXTargetDependency */,
			);
			name = DZ4newTests;
			productName = DZ4newTests;
			productReference = 8C776CEC209E45C100710C6D /* DZ4newTests.xctest */;
			productType = "com.apple.product-type.bundle.unit-test";
		};
		8C776CF6209E45C100710C6D /* DZ4newUITests */ = {
			isa = PBXNativeTarget;
			buildConfigurationList = 8C776D06209E45C100710C6D /* Build configuration list for PBXNativeTarget "DZ4newUITests" */;
			buildPhases = (
				8C776CF3209E45C100710C6D /* Sources */,
				8C776CF4209E45C100710C6D /* Frameworks */,
				8C776CF5209E45C100710C6D /* Resources */,
			);
			buildRules = (
			);
			dependencies = (
				8C776CF9209E45C100710C6D /* PBXTargetDependency */,
			);
			name = DZ4newUITests;
			productName = DZ4newUITests;
			productReference = 8C776CF7209E45C100710C6D /* DZ4newUITests.xctest */;
			productType = "com.apple.product-type.bundle.ui-testing";
		};
/* End PBXNativeTarget section */

/* Begin PBXProject section */
		8C776CD0209E45C100710C6D /* Project object */ = {
			isa = PBXProject;
			attributes = {
				LastSwiftUpdateCheck = 0920;
				LastUpgradeCheck = 0920;
				ORGANIZATIONNAME = "Ирина";
				TargetAttributes = {
					8C776CD7209E45C100710C6D = {
						CreatedOnToolsVersion = 9.2;
						ProvisioningStyle = Automatic;
					};
					8C776CEB209E45C100710C6D = {
						CreatedOnToolsVersion = 9.2;
						ProvisioningStyle = Automatic;
						TestTargetID = 8C776CD7209E45C100710C6D;
					};
					8C776CF6209E45C100710C6D = {
						CreatedOnToolsVersion = 9.2;
						ProvisioningStyle = Automatic;
						TestTargetID = 8C776CD7209E45C100710C6D;
					};
				};
			};
			buildConfigurationList = 8C776CD3209E45C100710C6D /* Build configuration list for PBXProject "DZ4new" */;
			compatibilityVersion = "Xcode 8.0";
			developmentRegion = en;
			hasScannedForEncodings = 0;
			knownRegions = (
				en,
				Base,
			);
			mainGroup = 8C776CCF209E45C100710C6D;
			productRefGroup = 8C776CD9209E45C100710C6D /* Products */;
			projectDirPath = "";
			projectRoot = "";
			targets = (
				8C776CD7209E45C100710C6D /* DZ4new */,
				8C776CEB209E45C100710C6D /* DZ4newTests */,
				8C776CF6209E45C100710C6D /* DZ4newUITests */,
			);
		};
/* End PBXProject section */

/* Begin PBXResourcesBuildPhase section */
		8C776CD6209E45C100710C6D /* Resources */ = {
			isa = PBXResourcesBuildPhase;
			buildActionMask = 2147483647;
			files = (
				8C776CE6209E45C100710C6D /* LaunchScreen.storyboard in Resources */,
				8C776CE3209E45C100710C6D /* Assets.xcassets in Resources */,
				8C776CE1209E45C100710C6D /* Main.storyboard in Resources */,
			);
			runOnlyForDeploymentPostprocessing = 0;
		};
		8C776CEA209E45C100710C6D /* Resources */ = {
			isa = PBXResourcesBuildPhase;
			buildActionMask = 2147483647;
			files = (
			);
			runOnlyForDeploymentPostprocessing = 0;
		};
		8C776CF5209E45C100710C6D /* Resources */ = {
			isa = PBXResourcesBuildPhase;
			buildActionMask = 2147483647;
			files = (
			);
			runOnlyForDeploymentPostprocessing = 0;
		};
/* End PBXResourcesBuildPhase section */

/* Begin PBXSourcesBuildPhase section */
		8C776CD4209E45C100710C6D /* Sources */ = {
			isa = PBXSourcesBuildPhase;
			buildActionMask = 2147483647;
			files = (
				8C776CDE209E45C100710C6D /* ViewController.swift in Sources */,
				8C776D0A209E462E00710C6D /* TVset.swift in Sources */,
				8C776CDC209E45C100710C6D /* AppDelegate.swift in Sources */,
			);
			runOnlyForDeploymentPostprocessing = 0;
		};
		8C776CE8209E45C100710C6D /* Sources */ = {
			isa = PBXSourcesBuildPhase;
			buildActionMask = 2147483647;
			files = (
				8C776CF1209E45C100710C6D /* DZ4newTests.swift in Sources */,
			);
			runOnlyForDeploymentPostprocessing = 0;
		};
		8C776CF3209E45C100710C6D /* Sources */ = {
			isa = PBXSourcesBuildPhase;
			buildActionMask = 2147483647;
			files = (
				8C776CFC209E45C100710C6D /* DZ4newUITests.swift in Sources */,
			);
			runOnlyForDeploymentPostprocessing = 0;
		};
/* End PBXSourcesBuildPhase section */

/* Begin PBXTargetDependency section */
		8C776CEE209E45C100710C6D /* PBXTargetDependency */ = {
			isa = PBXTargetDependency;
			target = 8C776CD7209E45C100710C6D /* DZ4new */;
			targetProxy = 8C776CED209E45C100710C6D /* PBXContainerItemProxy */;
		};
		8C776CF9209E45C100710C6D /* PBXTargetDependency */ = {
			isa = PBXTargetDependency;
			target = 8C776CD7209E45C100710C6D /* DZ4new */;
			targetProxy = 8C776CF8209E45C100710C6D /* PBXContainerItemProxy */;
		};
/* End PBXTargetDependency section */

/* Begin PBXVariantGroup section */
		8C776CDF209E45C100710C6D /* Main.storyboard */ = {
			isa = PBXVariantGroup;
			children = (
				8C776CE0209E45C100710C6D /* Base */,
			);
			name = Main.storyboard;
			sourceTree = "<group>";
		};
		8C776CE4209E45C100710C6D /* LaunchScreen.storyboard */ = {
			isa = PBXVariantGroup;
			children = (
				8C776CE5209E45C100710C6D /* Base */,
			);
			name = LaunchScreen.storyboard;
			sourceTree = "<group>";
		};
/* End PBXVariantGroup section */

/* Begin XCBuildConfiguration section */
		8C776CFE209E45C100710C6D /* Debug */ = {
			isa = XCBuildConfiguration;
			buildSettings = {
				ALWAYS_SEARCH_USER_PATHS = NO;
				CLANG_ANALYZER_NONNULL = YES;
				CLANG_ANALYZER_NUMBER_OBJECT_CONVERSION = YES_AGGRESSIVE;
				CLANG_CXX_LANGUAGE_STANDARD = "gnu++14";
				CLANG_CXX_LIBRARY = "libc++";
				CLANG_ENABLE_MODULES = YES;
				CLANG_ENABLE_OBJC_ARC = YES;
				CLANG_WARN_BLOCK_CAPTURE_AUTORELEASING = YES;
				CLANG_WARN_BOOL_CONVERSION = YES;
				CLANG_WARN_COMMA = YES;
				CLANG_WARN_CONSTANT_CONVERSION = YES;
				CLANG_WARN_DIRECT_OBJC_ISA_USAGE = YES_ERROR;
				CLANG_WARN_DOCUMENTATION_COMMENTS = YES;
				CLANG_WARN_EMPTY_BODY = YES;
				CLANG_WARN_ENUM_CONVERSION = YES;
				CLANG_WARN_INFINITE_RECURSION = YES;
				CLANG_WARN_INT_CONVERSION = YES;
				CLANG_WARN_NON_LITERAL_NULL_CONVERSION = YES;
				CLANG_WARN_OBJC_LITERAL_CONVERSION = YES;
				CLANG_WARN_OBJC_ROOT_CLASS = YES_ERROR;
				CLANG_WARN_RANGE_LOOP_ANALYSIS = YES;
				CLANG_WARN_STRICT_PROTOTYPES = YES;
				CLANG_WARN_SUSPICIOUS_MOVE = YES;
				CLANG_WARN_UNGUARDED_AVAILABILITY = YES_AGGRESSIVE;
				CLANG_WARN_UNREACHABLE_CODE = YES;
				CLANG_WARN__DUPLICATE_METHOD_MATCH = YES;
				CODE_SIGN_IDENTITY = "iPhone Developer";
				COPY_PHASE_STRIP = NO;
				DEBUG_INFORMATION_FORMAT = dwarf;
				ENABLE_STRICT_OBJC_MSGSEND = YES;
				ENABLE_TESTABILITY = YES;
				GCC_C_LANGUAGE_STANDARD = gnu11;
				GCC_DYNAMIC_NO_PIC = NO;
				GCC_NO_COMMON_BLOCKS = YES;
				GCC_OPTIMIZATION_LEVEL = 0;
				GCC_PREPROCESSOR_DEFINITIONS = (
					"DEBUG=1",
					"$(inherited)",
				);
				GCC_WARN_64_TO_32_BIT_CONVERSION = YES;
				GCC_WARN_ABOUT_RETURN_TYPE = YES_ERROR;
				GCC_WARN_UNDECLARED_SELECTOR = YES;
				GCC_WARN_UNINITIALIZED_AUTOS = YES_AGGRESSIVE;
				GCC_WARN_UNUSED_FUNCTION = YES;
				GCC_WARN_UNUSED_VARIABLE = YES;
				IPHONEOS_DEPLOYMENT_TARGET = 11.2;
				MTL_ENABLE_DEBUG_INFO = YES;
				ONLY_ACTIVE_ARCH = YES;
				SDKROOT = iphoneos;
				SWIFT_ACTIVE_COMPILATION_CONDITIONS = DEBUG;
				SWIFT_OPTIMIZATION_LEVEL = "-Onone";
			};
			name = Debug;
		};
		8C776CFF209E45C100710C6D /* Release */ = {
			isa = XCBuildConfiguration;
			buildSettings = {
				ALWAYS_SEARCH_USER_PATHS = NO;
				CLANG_ANALYZER_NONNULL = YES;
				CLANG_ANALYZER_NUMBER_OBJECT_CONVERSION = YES_AGGRESSIVE;
				CLANG_CXX_LANGUAGE_STANDARD = "gnu++14";
				CLANG_CXX_LIBRARY = "libc++";
				CLANG_ENABLE_MODULES = YES;
				CLANG_ENABLE_OBJC_ARC = YES;
				CLANG_WARN_BLOCK_CAPTURE_AUTORELEASING = YES;
				CLANG_WARN_BOOL_CONVERSION = YES;
				CLANG_WARN_COMMA = YES;
				CLANG_WARN_CONSTANT_CONVERSION = YES;
				CLANG_WARN_DIRECT_OBJC_ISA_USAGE = YES_ERROR;
				CLANG_WARN_DOCUMENTATION_COMMENTS = YES;
				CLANG_WARN_EMPTY_BODY = YES;
				CLANG_WARN_ENUM_CONVERSION = YES;
				CLANG_WARN_INFINITE_RECURSION = YES;
				CLANG_WARN_INT_CONVERSION = YES;
				CLANG_WARN_NON_LITERAL_NULL_CONVERSION = YES;
				CLANG_WARN_OBJC_LITERAL_CONVERSION = YES;
				CLANG_WARN_OBJC_ROOT_CLASS = YES_ERROR;
				CLANG_WARN_RANGE_LOOP_ANALYSIS = YES;
				CLANG_WARN_STRICT_PROTOTYPES = YES;
				CLANG_WARN_SUSPICIOUS_MOVE = YES;
				CLANG_WARN_UNGUARDED_AVAILABILITY = YES_AGGRESSIVE;
				CLANG_WARN_UNREACHABLE_CODE = YES;
				CLANG_WARN__DUPLICATE_METHOD_MATCH = YES;
				CODE_SIGN_IDENTITY = "iPhone Developer";
				COPY_PHASE_STRIP = NO;
				DEBUG_INFORMATION_FORMAT = "dwarf-with-dsym";
				ENABLE_NS_ASSERTIONS = NO;
				ENABLE_STRICT_OBJC_MSGSEND = YES;
				GCC_C_LANGUAGE_STANDARD = gnu11;
				GCC_NO_COMMON_BLOCKS = YES;
				GCC_WARN_64_TO_32_BIT_CONVERSION = YES;
				GCC_WARN_ABOUT_RETURN_TYPE = YES_ERROR;
				GCC_WARN_UNDECLARED_SELECTOR = YES;
				GCC_WARN_UNINITIALIZED_AUTOS = YES_AGGRESSIVE;
				GCC_WARN_UNUSED_FUNCTION = YES;
				GCC_WARN_UNUSED_VARIABLE = YES;
				IPHONEOS_DEPLOYMENT_TARGET = 11.2;
				MTL_ENABLE_DEBUG_INFO = NO;
				SDKROOT = iphoneos;
				SWIFT_OPTIMIZATION_LEVEL = "-Owholemodule";
				VALIDATE_PRODUCT = YES;
			};
			name = Release;
		};
		8C776D01209E45C100710C6D /* Debug */ = {
			isa = XCBuildConfiguration;
			buildSettings = {
				ASSETCATALOG_COMPILER_APPICON_NAME = AppIcon;
				CODE_SIGN_STYLE = Automatic;
				INFOPLIST_FILE = DZ4new/Info.plist;
				LD_RUNPATH_SEARCH_PATHS = "$(inherited) @executable_path/Frameworks";
				PRODUCT_BUNDLE_IDENTIFIER = "-.DZ4new";
				PRODUCT_NAME = "$(TARGET_NAME)";
				SWIFT_VERSION = 4.0;
				TARGETED_DEVICE_FAMILY = "1,2";
			};
			name = Debug;
		};
		8C776D02209E45C100710C6D /* Release */ = {
			isa = XCBuildConfiguration;
			buildSettings = {
				ASSETCATALOG_COMPILER_APPICON_NAME = AppIcon;
				CODE_SIGN_STYLE = Automatic;
				INFOPLIST_FILE = DZ4new/Info.plist;
				LD_RUNPATH_SEARCH_PATHS = "$(inherited) @executable_path/Frameworks";
				PRODUCT_BUNDLE_IDENTIFIER = "-.DZ4new";
				PRODUCT_NAME = "$(TARGET_NAME)";
				SWIFT_VERSION = 4.0;
				TARGETED_DEVICE_FAMILY = "1,2";
			};
			name = Release;
		};
		8C776D04209E45C100710C6D /* Debug */ = {
			isa = XCBuildConfiguration;
			buildSettings = {
				ALWAYS_EMBED_SWIFT_STANDARD_LIBRARIES = YES;
				BUNDLE_LOADER = "$(TEST_HOST)";
				CODE_SIGN_STYLE = Automatic;
				INFOPLIST_FILE = DZ4newTests/Info.plist;
				LD_RUNPATH_SEARCH_PATHS = "$(inherited) @executable_path/Frameworks @loader_path/Frameworks";
				PRODUCT_BUNDLE_IDENTIFIER = "-.DZ4newTests";
				PRODUCT_NAME = "$(TARGET_NAME)";
				SWIFT_VERSION = 4.0;
				TARGETED_DEVICE_FAMILY = "1,2";
				TEST_HOST = "$(BUILT_PRODUCTS_DIR)/DZ4new.app/DZ4new";
			};
			name = Debug;
		};
		8C776D05209E45C100710C6D /* Release */ = {
			isa = XCBuildConfiguration;
			buildSettings = {
				ALWAYS_EMBED_SWIFT_STANDARD_LIBRARIES = YES;
				BUNDLE_LOADER = "$(TEST_HOST)";
				CODE_SIGN_STYLE = Automatic;
				INFOPLIST_FILE = DZ4newTests/Info.plist;
				LD_RUNPATH_SEARCH_PATHS = "$(inherited) @executable_path/Frameworks @loader_path/Frameworks";
				PRODUCT_BUNDLE_IDENTIFIER = "-.DZ4newTests";
				PRODUCT_NAME = "$(TARGET_NAME)";
				SWIFT_VERSION = 4.0;
				TARGETED_DEVICE_FAMILY = "1,2";
				TEST_HOST = "$(BUILT_PRODUCTS_DIR)/DZ4new.app/DZ4new";
			};
			name = Release;
		};
		8C776D07209E45C100710C6D /* Debug */ = {
			isa = XCBuildConfiguration;
			buildSettings = {
				ALWAYS_EMBED_SWIFT_STANDARD_LIBRARIES = YES;
				CODE_SIGN_STYLE = Automatic;
				INFOPLIST_FILE = DZ4newUITests/Info.plist;
				LD_RUNPATH_SEARCH_PATHS = "$(inherited) @executable_path/Frameworks @loader_path/Frameworks";
				PRODUCT_BUNDLE_IDENTIFIER = "-.DZ4newUITests";
				PRODUCT_NAME = "$(TARGET_NAME)";
				SWIFT_VERSION = 4.0;
				TARGETED_DEVICE_FAMILY = "1,2";
				TEST_TARGET_NAME = DZ4new;
			};
			name = Debug;
		};
		8C776D08209E45C100710C6D /* Release */ = {
			isa = XCBuildConfiguration;
			buildSettings = {
				ALWAYS_EMBED_SWIFT_STANDARD_LIBRARIES = YES;
				CODE_SIGN_STYLE = Automatic;
				INFOPLIST_FILE = DZ4newUITests/Info.plist;
				LD_RUNPATH_SEARCH_PATHS = "$(inherited) @executable_path/Frameworks @loader_path/Frameworks";
				PRODUCT_BUNDLE_IDENTIFIER = "-.DZ4newUITests";
				PRODUCT_NAME = "$(TARGET_NAME)";
				SWIFT_VERSION = 4.0;
				TARGETED_DEVICE_FAMILY = "1,2";
				TEST_TARGET_NAME = DZ4new;
			};
			name = Release;
		};
/* End XCBuildConfiguration section */

/* Begin XCConfigurationList section */
		8C776CD3209E45C100710C6D /* Build configuration list for PBXProject "DZ4new" */ = {
			isa = XCConfigurationList;
			buildConfigurations = (
				8C776CFE209E45C100710C6D /* Debug */,
				8C776CFF209E45C100710C6D /* Release */,
			);
			defaultConfigurationIsVisible = 0;
			defaultConfigurationName = Release;
		};
		8C776D00209E45C100710C6D /* Build configuration list for PBXNativeTarget "DZ4new" */ = {
			isa = XCConfigurationList;
			buildConfigurations = (
				8C776D01209E45C100710C6D /* Debug */,
				8C776D02209E45C100710C6D /* Release */,
			);
			defaultConfigurationIsVisible = 0;
			defaultConfigurationName = Release;
		};
		8C776D03209E45C100710C6D /* Build configuration list for PBXNativeTarget "DZ4newTests" */ = {
			isa = XCConfigurationList;
			buildConfigurations = (
				8C776D04209E45C100710C6D /* Debug */,
				8C776D05209E45C100710C6D /* Release */,
			);
			defaultConfigurationIsVisible = 0;
			defaultConfigurationName = Release;
		};
		8C776D06209E45C100710C6D /* Build configuration list for PBXNativeTarget "DZ4newUITests" */ = {
			isa = XCConfigurationList;
			buildConfigurations = (
				8C776D07209E45C100710C6D /* Debug */,
				8C776D08209E45C100710C6D /* Release */,
			);
			defaultConfigurationIsVisible = 0;
			defaultConfigurationName = Release;
		};
/* End XCConfigurationList section */
	};
	rootObject = 8C776CD0209E45C100710C6D /* Project object */;
}
